
Microsoft Visual Studio Solution File, Format Version 12.00
# Visual Studio Version 16
VisualStudioVersion = 16.0.29920.165
MinimumVisualStudioVersion = 10.0.40219.1
Project("{9A19103F-16F7-4668-BE54-9A1E7A4F7556}") = "withackfunctions", "withackfunctions\withackfunctions.csproj", "{EBF4598A-CFDB-491C-82D1-F8BBD48896FB}"
EndProject
Global
	GlobalSection(SolutionConfigurationPlatforms) = preSolution
		Debug|Any CPU = Debug|Any CPU
		Release|Any CPU = Release|Any CPU
	EndGlobalSection
	GlobalSection(ProjectConfigurationPlatforms) = postSolution
		{EBF4598A-CFDB-491C-82D1-F8BBD48896FB}.Debug|Any CPU.ActiveCfg = Debug|Any CPU
		{EBF4598A-CFDB-491C-82D1-F8BBD48896FB}.Debug|Any CPU.Build.0 = Debug|Any CPU
		{EBF4598A-CFDB-491C-82D1-F8BBD48896FB}.Release|Any CPU.ActiveCfg = Release|Any CPU
		{EBF4598A-CFDB-491C-82D1-F8BBD48896FB}.Release|Any CPU.Build.0 = Release|Any CPU
	EndGlobalSection
	GlobalSection(SolutionProperties) = preSolution
		HideSolutionNode = FALSE
	EndGlobalSection
	GlobalSection(ExtensibilityGlobals) = postSolution
		SolutionGuid = {409A72DF-E315-4987-9C02-4CB42D7F8CA7}
	EndGlobalSection
EndGlobal
